// !$*UTF8*$!
{
	archiveVersion = 1;
	classes = {
	};
	objectVersion = 56;
	objects = {

/* Begin PBXBuildFile section */
		1D1A0390E66BBE2DCDD2F6FB /* Pods_SentenceApp.framework in Frameworks */ = {isa = PBXBuildFile; fileRef = FA184F671B061CC1EE1213C7 /* Pods_SentenceApp.framework */; };
		3F1D9AA22A41E555003EF407 /* OnboardingViewController.swift in Sources */ = {isa = PBXBuildFile; fileRef = 3F1D9AA12A41E555003EF407 /* OnboardingViewController.swift */; };
		3F1D9AA52A41E8AC003EF407 /* UIView+Extension.swift in Sources */ = {isa = PBXBuildFile; fileRef = 3F1D9AA42A41E8AC003EF407 /* UIView+Extension.swift */; };
		3F1D9AA72A41E9C8003EF407 /* OnboardingSlide.swift in Sources */ = {isa = PBXBuildFile; fileRef = 3F1D9AA62A41E9C8003EF407 /* OnboardingSlide.swift */; };
		3F1D9AA92A41EC60003EF407 /* OnboardingCollectionViewCell.swift in Sources */ = {isa = PBXBuildFile; fileRef = 3F1D9AA82A41EC60003EF407 /* OnboardingCollectionViewCell.swift */; };
		3F1D9AAD2A41FD73003EF407 /*  SentenceRecommender.mlmodel in Sources */ = {isa = PBXBuildFile; fileRef = 3F1D9AAC2A41FD73003EF407 /*  SentenceRecommender.mlmodel */; };
		3F263DBD2AC31B55001F539E /* FineRegressorModel.mlmodel in Sources */ = {isa = PBXBuildFile; fileRef = 3F263DBA2AC31B55001F539E /* FineRegressorModel.mlmodel */; };
		3F263DBE2AC31B55001F539E /* SentenceClassificationModel.mlmodel in Sources */ = {isa = PBXBuildFile; fileRef = 3F263DBB2AC31B55001F539E /* SentenceClassificationModel.mlmodel */; };
		3F263DBF2AC31B55001F539E /* DurationRegressorModel.mlmodel in Sources */ = {isa = PBXBuildFile; fileRef = 3F263DBC2AC31B55001F539E /* DurationRegressorModel.mlmodel */; };
		3F3D6D492ABC0F1400830A04 /* SentencingViewController.swift in Sources */ = {isa = PBXBuildFile; fileRef = 3F3D6D482ABC0F1400830A04 /* SentencingViewController.swift */; };
		3F5ADE3C2A1679AF008C6322 /* AppDelegate.swift in Sources */ = {isa = PBXBuildFile; fileRef = 3F5ADE3B2A1679AF008C6322 /* AppDelegate.swift */; };
		3F5ADE3E2A1679AF008C6322 /* SceneDelegate.swift in Sources */ = {isa = PBXBuildFile; fileRef = 3F5ADE3D2A1679AF008C6322 /* SceneDelegate.swift */; };
		3F5ADE432A1679AF008C6322 /* Main.storyboard in Resources */ = {isa = PBXBuildFile; fileRef = 3F5ADE412A1679AF008C6322 /* Main.storyboard */; };
		3F5ADE452A1679B0008C6322 /* Assets.xcassets in Resources */ = {isa = PBXBuildFile; fileRef = 3F5ADE442A1679B0008C6322 /* Assets.xcassets */; };
		3F5ADE482A1679B0008C6322 /* LaunchScreen.storyboard in Resources */ = {isa = PBXBuildFile; fileRef = 3F5ADE462A1679B0008C6322 /* LaunchScreen.storyboard */; };
		3F9E758C2AA850DE003690AC /* SentenceClassifier.mlmodel in Sources */ = {isa = PBXBuildFile; fileRef = 3F9E758B2AA850DE003690AC /* SentenceClassifier.mlmodel */; };
		3F9E758E2AA850FE003690AC /* DurationTabularRegressor.mlmodel in Sources */ = {isa = PBXBuildFile; fileRef = 3F9E758D2AA850FE003690AC /* DurationTabularRegressor.mlmodel */; };
		3F9E75922AA85133003690AC /* Sentence.swift in Sources */ = {isa = PBXBuildFile; fileRef = 3F9E75912AA85133003690AC /* Sentence.swift */; };
		3F9E75942AA8513E003690AC /* Duration.swift in Sources */ = {isa = PBXBuildFile; fileRef = 3F9E75932AA8513E003690AC /* Duration.swift */; };
		3F9E75962AA85148003690AC /* Fine.swift in Sources */ = {isa = PBXBuildFile; fileRef = 3F9E75952AA85148003690AC /* Fine.swift */; };
		3FD84B852AB717CC0048E057 /* UIColor+Extension.swift in Sources */ = {isa = PBXBuildFile; fileRef = 3FD84B842AB717CC0048E057 /* UIColor+Extension.swift */; };
		3FE842AA2A8A1FC1003A743F /* Functions.swift in Sources */ = {isa = PBXBuildFile; fileRef = 3FE842A92A8A1FC1003A743F /* Functions.swift */; };
/* End PBXBuildFile section */

/* Begin PBXFileReference section */
		14BF38B85D42BE9C132C11BA /* Pods-SentenceApp.release.xcconfig */ = {isa = PBXFileReference; includeInIndex = 1; lastKnownFileType = text.xcconfig; name = "Pods-SentenceApp.release.xcconfig"; path = "Target Support Files/Pods-SentenceApp/Pods-SentenceApp.release.xcconfig"; sourceTree = "<group>"; };
		18850764159EB8BEE4D1C9EB /* Pods-SentenceApp.debug.xcconfig */ = {isa = PBXFileReference; includeInIndex = 1; lastKnownFileType = text.xcconfig; name = "Pods-SentenceApp.debug.xcconfig"; path = "Target Support Files/Pods-SentenceApp/Pods-SentenceApp.debug.xcconfig"; sourceTree = "<group>"; };
		3F1D9AA12A41E555003EF407 /* OnboardingViewController.swift */ = {isa = PBXFileReference; lastKnownFileType = sourcecode.swift; path = OnboardingViewController.swift; sourceTree = "<group>"; };
		3F1D9AA42A41E8AC003EF407 /* UIView+Extension.swift */ = {isa = PBXFileReference; lastKnownFileType = sourcecode.swift; path = "UIView+Extension.swift"; sourceTree = "<group>"; };
		3F1D9AA62A41E9C8003EF407 /* OnboardingSlide.swift */ = {isa = PBXFileReference; lastKnownFileType = sourcecode.swift; path = OnboardingSlide.swift; sourceTree = "<group>"; };
		3F1D9AA82A41EC60003EF407 /* OnboardingCollectionViewCell.swift */ = {isa = PBXFileReference; lastKnownFileType = sourcecode.swift; path = OnboardingCollectionViewCell.swift; sourceTree = "<group>"; };
		3F1D9AAC2A41FD73003EF407 /*  SentenceRecommender.mlmodel */ = {isa = PBXFileReference; lastKnownFileType = file.mlmodel; path = " SentenceRecommender.mlmodel"; sourceTree = "<group>"; };
		3F22F6782ABC4914006DBB97 /* sentenceTraining1.playground */ = {isa = PBXFileReference; lastKnownFileType = file.playground; path = sentenceTraining1.playground; sourceTree = "<group>"; xcLanguageSpecificationIdentifier = xcode.lang.swift; };
		3F263DBA2AC31B55001F539E /* FineRegressorModel.mlmodel */ = {isa = PBXFileReference; lastKnownFileType = file.mlmodel; path = FineRegressorModel.mlmodel; sourceTree = "<group>"; };
		3F263DBB2AC31B55001F539E /* SentenceClassificationModel.mlmodel */ = {isa = PBXFileReference; lastKnownFileType = file.mlmodel; path = SentenceClassificationModel.mlmodel; sourceTree = "<group>"; };
		3F263DBC2AC31B55001F539E /* DurationRegressorModel.mlmodel */ = {isa = PBXFileReference; lastKnownFileType = file.mlmodel; path = DurationRegressorModel.mlmodel; sourceTree = "<group>"; };
		3F2EF8EF2ABC4B3700157011 /* sentenceTraining2.playground */ = {isa = PBXFileReference; lastKnownFileType = file.playground; path = sentenceTraining2.playground; sourceTree = "<group>"; xcLanguageSpecificationIdentifier = xcode.lang.swift; };
		3F2EF8F22ABC4C5100157011 /* durationTraining1.playground */ = {isa = PBXFileReference; lastKnownFileType = file.playground; path = durationTraining1.playground; sourceTree = "<group>"; xcLanguageSpecificationIdentifier = xcode.lang.swift; };
		3F2EF8F92ABC54A100157011 /* durationTraining2.playground */ = {isa = PBXFileReference; lastKnownFileType = file.playground; path = durationTraining2.playground; sourceTree = "<group>"; xcLanguageSpecificationIdentifier = xcode.lang.swift; };
		3F3D6D482ABC0F1400830A04 /* SentencingViewController.swift */ = {isa = PBXFileReference; lastKnownFileType = sourcecode.swift; path = SentencingViewController.swift; sourceTree = "<group>"; };
		3F5ADE382A1679AF008C6322 /* SentenceApp.app */ = {isa = PBXFileReference; explicitFileType = wrapper.application; includeInIndex = 0; path = SentenceApp.app; sourceTree = BUILT_PRODUCTS_DIR; };
		3F5ADE3B2A1679AF008C6322 /* AppDelegate.swift */ = {isa = PBXFileReference; lastKnownFileType = sourcecode.swift; path = AppDelegate.swift; sourceTree = "<group>"; };
		3F5ADE3D2A1679AF008C6322 /* SceneDelegate.swift */ = {isa = PBXFileReference; lastKnownFileType = sourcecode.swift; path = SceneDelegate.swift; sourceTree = "<group>"; };
		3F5ADE422A1679AF008C6322 /* Base */ = {isa = PBXFileReference; lastKnownFileType = file.storyboard; name = Base; path = Base.lproj/Main.storyboard; sourceTree = "<group>"; };
		3F5ADE442A1679B0008C6322 /* Assets.xcassets */ = {isa = PBXFileReference; lastKnownFileType = folder.assetcatalog; path = Assets.xcassets; sourceTree = "<group>"; };
		3F5ADE472A1679B0008C6322 /* Base */ = {isa = PBXFileReference; lastKnownFileType = file.storyboard; name = Base; path = Base.lproj/LaunchScreen.storyboard; sourceTree = "<group>"; };
		3F5ADE492A1679B0008C6322 /* Info.plist */ = {isa = PBXFileReference; lastKnownFileType = text.plist.xml; path = Info.plist; sourceTree = "<group>"; };
		3F9E758B2AA850DE003690AC /* SentenceClassifier.mlmodel */ = {isa = PBXFileReference; lastKnownFileType = file.mlmodel; path = SentenceClassifier.mlmodel; sourceTree = "<group>"; };
		3F9E758D2AA850FE003690AC /* DurationTabularRegressor.mlmodel */ = {isa = PBXFileReference; lastKnownFileType = file.mlmodel; path = DurationTabularRegressor.mlmodel; sourceTree = "<group>"; };
		3F9E75912AA85133003690AC /* Sentence.swift */ = {isa = PBXFileReference; lastKnownFileType = sourcecode.swift; path = Sentence.swift; sourceTree = "<group>"; };
		3F9E75932AA8513E003690AC /* Duration.swift */ = {isa = PBXFileReference; lastKnownFileType = sourcecode.swift; path = Duration.swift; sourceTree = "<group>"; };
		3F9E75952AA85148003690AC /* Fine.swift */ = {isa = PBXFileReference; lastKnownFileType = sourcecode.swift; path = Fine.swift; sourceTree = "<group>"; };
		3FD84B842AB717CC0048E057 /* UIColor+Extension.swift */ = {isa = PBXFileReference; lastKnownFileType = sourcecode.swift; path = "UIColor+Extension.swift"; sourceTree = "<group>"; };
		3FE842A92A8A1FC1003A743F /* Functions.swift */ = {isa = PBXFileReference; lastKnownFileType = sourcecode.swift; path = Functions.swift; sourceTree = "<group>"; };
		FA184F671B061CC1EE1213C7 /* Pods_SentenceApp.framework */ = {isa = PBXFileReference; explicitFileType = wrapper.framework; includeInIndex = 0; path = Pods_SentenceApp.framework; sourceTree = BUILT_PRODUCTS_DIR; };
/* End PBXFileReference section */

/* Begin PBXFrameworksBuildPhase section */
		3F5ADE352A1679AF008C6322 /* Frameworks */ = {
			isa = PBXFrameworksBuildPhase;
			buildActionMask = 2147483647;
			files = (
				1D1A0390E66BBE2DCDD2F6FB /* Pods_SentenceApp.framework in Frameworks */,
			);
			runOnlyForDeploymentPostprocessing = 0;
		};
/* End PBXFrameworksBuildPhase section */

/* Begin PBXGroup section */
		10093170CAE3E6AD8B5C97C6 /* Frameworks */ = {
			isa = PBXGroup;
			children = (
				FA184F671B061CC1EE1213C7 /* Pods_SentenceApp.framework */,
			);
			name = Frameworks;
			sourceTree = "<group>";
		};
		3F1D9AA02A41E533003EF407 /* Onboarding */ = {
			isa = PBXGroup;
			children = (
				3F1D9AA12A41E555003EF407 /* OnboardingViewController.swift */,
			);
			path = Onboarding;
			sourceTree = "<group>";
		};
		3F1D9AA32A41E88D003EF407 /* Extensions */ = {
			isa = PBXGroup;
			children = (
				3F1D9AA42A41E8AC003EF407 /* UIView+Extension.swift */,
				3FD84B842AB717CC0048E057 /* UIColor+Extension.swift */,
			);
			path = Extensions;
			sourceTree = "<group>";
		};
		3F22F6742ABC47BC006DBB97 /* SentencingModels */ = {
			isa = PBXGroup;
			children = (
				3F22F6762ABC47FF006DBB97 /* Models */,
				3F22F6752ABC47E9006DBB97 /* ManualTrainingPlaygrounds */,
			);
			path = SentencingModels;
			sourceTree = "<group>";
		};
		3F22F6752ABC47E9006DBB97 /* ManualTrainingPlaygrounds */ = {
			isa = PBXGroup;
			children = (
				3F22F6782ABC4914006DBB97 /* sentenceTraining1.playground */,
				3F2EF8EF2ABC4B3700157011 /* sentenceTraining2.playground */,
				3F2EF8F22ABC4C5100157011 /* durationTraining1.playground */,
				3F2EF8F92ABC54A100157011 /* durationTraining2.playground */,
			);
			path = ManualTrainingPlaygrounds;
			sourceTree = "<group>";
		};
		3F22F6762ABC47FF006DBB97 /* Models */ = {
			isa = PBXGroup;
			children = (
				3F263DBC2AC31B55001F539E /* DurationRegressorModel.mlmodel */,
				3F263DBA2AC31B55001F539E /* FineRegressorModel.mlmodel */,
				3F263DBB2AC31B55001F539E /* SentenceClassificationModel.mlmodel */,
			);
			path = Models;
			sourceTree = "<group>";
		};
		3F5ADE2F2A1679AF008C6322 = {
			isa = PBXGroup;
			children = (
				3F5ADE3A2A1679AF008C6322 /* SentenceApp */,
				3F5ADE392A1679AF008C6322 /* Products */,
				D129897BE5DE31F9D2B97C9E /* Pods */,
				10093170CAE3E6AD8B5C97C6 /* Frameworks */,
			);
			sourceTree = "<group>";
		};
		3F5ADE392A1679AF008C6322 /* Products */ = {
			isa = PBXGroup;
			children = (
				3F5ADE382A1679AF008C6322 /* SentenceApp.app */,
			);
			name = Products;
			sourceTree = "<group>";
		};
		3F5ADE3A2A1679AF008C6322 /* SentenceApp */ = {
			isa = PBXGroup;
			children = (
				3FE842A42A8A1B55003A743F /* CoreML */,
				3F1D9AA32A41E88D003EF407 /* Extensions */,
				3F5ADE542A16869C008C6322 /* Model */,
				3F5ADE4F2A16863A008C6322 /* Views */,
				3F5ADE3B2A1679AF008C6322 /* AppDelegate.swift */,
				3F5ADE3D2A1679AF008C6322 /* SceneDelegate.swift */,
				3F5ADE412A1679AF008C6322 /* Main.storyboard */,
				3F5ADE442A1679B0008C6322 /* Assets.xcassets */,
				3F5ADE462A1679B0008C6322 /* LaunchScreen.storyboard */,
				3F5ADE492A1679B0008C6322 /* Info.plist */,
				3F1D9AAC2A41FD73003EF407 /*  SentenceRecommender.mlmodel */,
			);
			path = SentenceApp;
			sourceTree = "<group>";
		};
		3F5ADE4F2A16863A008C6322 /* Views */ = {
			isa = PBXGroup;
			children = (
				3FE842A12A8A1B13003A743F /* Home */,
				3F1D9AA02A41E533003EF407 /* Onboarding */,
			);
			path = Views;
			sourceTree = "<group>";
		};
		3F5ADE542A16869C008C6322 /* Model */ = {
			isa = PBXGroup;
			children = (
				3F1D9AA62A41E9C8003EF407 /* OnboardingSlide.swift */,
				3F1D9AA82A41EC60003EF407 /* OnboardingCollectionViewCell.swift */,
				3FE842A92A8A1FC1003A743F /* Functions.swift */,
			);
			path = Model;
			sourceTree = "<group>";
		};
		3F9E758A2AA85084003690AC /* MultipleOffences */ = {
			isa = PBXGroup;
			children = (
				3F9E758D2AA850FE003690AC /* DurationTabularRegressor.mlmodel */,
				3F9E758B2AA850DE003690AC /* SentenceClassifier.mlmodel */,
				3F9E75912AA85133003690AC /* Sentence.swift */,
				3F9E75932AA8513E003690AC /* Duration.swift */,
				3F9E75952AA85148003690AC /* Fine.swift */,
			);
			path = MultipleOffences;
			sourceTree = "<group>";
		};
		3FE842A12A8A1B13003A743F /* Home */ = {
			isa = PBXGroup;
			children = (
				3F3D6D482ABC0F1400830A04 /* SentencingViewController.swift */,
			);
			path = Home;
			sourceTree = "<group>";
		};
		3FE842A42A8A1B55003A743F /* CoreML */ = {
			isa = PBXGroup;
			children = (
				3F22F6742ABC47BC006DBB97 /* SentencingModels */,
				3F9E758A2AA85084003690AC /* MultipleOffences */,
			);
			path = CoreML;
			sourceTree = "<group>";
		};
		D129897BE5DE31F9D2B97C9E /* Pods */ = {
			isa = PBXGroup;
			children = (
				18850764159EB8BEE4D1C9EB /* Pods-SentenceApp.debug.xcconfig */,
				14BF38B85D42BE9C132C11BA /* Pods-SentenceApp.release.xcconfig */,
			);
			path = Pods;
			sourceTree = "<group>";
		};
/* End PBXGroup section */

/* Begin PBXNativeTarget section */
		3F5ADE372A1679AF008C6322 /* SentenceApp */ = {
			isa = PBXNativeTarget;
			buildConfigurationList = 3F5ADE4C2A1679B0008C6322 /* Build configuration list for PBXNativeTarget "SentenceApp" */;
			buildPhases = (
				381E37CC72EE77FE33471026 /* [CP] Check Pods Manifest.lock */,
				3F5ADE342A1679AF008C6322 /* Sources */,
				3F5ADE352A1679AF008C6322 /* Frameworks */,
				3F5ADE362A1679AF008C6322 /* Resources */,
				0773AA201FBAC2A780219DCE /* [CP] Embed Pods Frameworks */,
			);
			buildRules = (
			);
			dependencies = (
			);
			name = SentenceApp;
			productName = SentenceApp;
			productReference = 3F5ADE382A1679AF008C6322 /* SentenceApp.app */;
			productType = "com.apple.product-type.application";
		};
/* End PBXNativeTarget section */

/* Begin PBXProject section */
		3F5ADE302A1679AF008C6322 /* Project object */ = {
			isa = PBXProject;
			attributes = {
				BuildIndependentTargetsInParallel = 1;
				LastSwiftUpdateCheck = 1420;
				LastUpgradeCheck = 1420;
				TargetAttributes = {
					3F5ADE372A1679AF008C6322 = {
						CreatedOnToolsVersion = 14.2;
					};
				};
			};
			buildConfigurationList = 3F5ADE332A1679AF008C6322 /* Build configuration list for PBXProject "SentenceApp" */;
			compatibilityVersion = "Xcode 14.0";
			developmentRegion = en;
			hasScannedForEncodings = 0;
			knownRegions = (
				en,
				Base,
			);
			mainGroup = 3F5ADE2F2A1679AF008C6322;
			productRefGroup = 3F5ADE392A1679AF008C6322 /* Products */;
			projectDirPath = "";
			projectRoot = "";
			targets = (
				3F5ADE372A1679AF008C6322 /* SentenceApp */,
			);
		};
/* End PBXProject section */

/* Begin PBXResourcesBuildPhase section */
		3F5ADE362A1679AF008C6322 /* Resources */ = {
			isa = PBXResourcesBuildPhase;
			buildActionMask = 2147483647;
			files = (
				3F5ADE482A1679B0008C6322 /* LaunchScreen.storyboard in Resources */,
				3F5ADE452A1679B0008C6322 /* Assets.xcassets in Resources */,
				3F5ADE432A1679AF008C6322 /* Main.storyboard in Resources */,
			);
			runOnlyForDeploymentPostprocessing = 0;
		};
/* End PBXResourcesBuildPhase section */

/* Begin PBXShellScriptBuildPhase section */
		0773AA201FBAC2A780219DCE /* [CP] Embed Pods Frameworks */ = {
			isa = PBXShellScriptBuildPhase;
			buildActionMask = 2147483647;
			files = (
			);
			inputFileListPaths = (
				"${PODS_ROOT}/Target Support Files/Pods-SentenceApp/Pods-SentenceApp-frameworks-${CONFIGURATION}-input-files.xcfilelist",
			);
			name = "[CP] Embed Pods Frameworks";
			outputFileListPaths = (
				"${PODS_ROOT}/Target Support Files/Pods-SentenceApp/Pods-SentenceApp-frameworks-${CONFIGURATION}-output-files.xcfilelist",
			);
			runOnlyForDeploymentPostprocessing = 0;
			shellPath = /bin/sh;
			shellScript = "\"${PODS_ROOT}/Target Support Files/Pods-SentenceApp/Pods-SentenceApp-frameworks.sh\"\n";
			showEnvVarsInLog = 0;
		};
		381E37CC72EE77FE33471026 /* [CP] Check Pods Manifest.lock */ = {
			isa = PBXShellScriptBuildPhase;
			buildActionMask = 2147483647;
			files = (
			);
			inputFileListPaths = (
			);
			inputPaths = (
				"${PODS_PODFILE_DIR_PATH}/Podfile.lock",
				"${PODS_ROOT}/Manifest.lock",
			);
			name = "[CP] Check Pods Manifest.lock";
			outputFileListPaths = (
			);
			outputPaths = (
				"$(DERIVED_FILE_DIR)/Pods-SentenceApp-checkManifestLockResult.txt",
			);
			runOnlyForDeploymentPostprocessing = 0;
			shellPath = /bin/sh;
			shellScript = "diff \"${PODS_PODFILE_DIR_PATH}/Podfile.lock\" \"${PODS_ROOT}/Manifest.lock\" > /dev/null\nif [ $? != 0 ] ; then\n    # print error to STDERR\n    echo \"error: The sandbox is not in sync with the Podfile.lock. Run 'pod install' or update your CocoaPods installation.\" >&2\n    exit 1\nfi\n# This output is used by Xcode 'outputs' to avoid re-running this script phase.\necho \"SUCCESS\" > \"${SCRIPT_OUTPUT_FILE_0}\"\n";
			showEnvVarsInLog = 0;
		};
/* End PBXShellScriptBuildPhase section */

/* Begin PBXSourcesBuildPhase section */
		3F5ADE342A1679AF008C6322 /* Sources */ = {
			isa = PBXSourcesBuildPhase;
			buildActionMask = 2147483647;
			files = (
				3F263DBD2AC31B55001F539E /* FineRegressorModel.mlmodel in Sources */,
				3F3D6D492ABC0F1400830A04 /* SentencingViewController.swift in Sources */,
				3F9E75962AA85148003690AC /* Fine.swift in Sources */,
				3F1D9AAD2A41FD73003EF407 /*  SentenceRecommender.mlmodel in Sources */,
				3F263DBF2AC31B55001F539E /* DurationRegressorModel.mlmodel in Sources */,
				3F263DBE2AC31B55001F539E /* SentenceClassificationModel.mlmodel in Sources */,
				3F1D9AA72A41E9C8003EF407 /* OnboardingSlide.swift in Sources */,
				3F5ADE3C2A1679AF008C6322 /* AppDelegate.swift in Sources */,
				3FE842AA2A8A1FC1003A743F /* Functions.swift in Sources */,
				3F9E758C2AA850DE003690AC /* SentenceClassifier.mlmodel in Sources */,
				3F9E75922AA85133003690AC /* Sentence.swift in Sources */,
				3F1D9AA22A41E555003EF407 /* OnboardingViewController.swift in Sources */,
				3F9E75942AA8513E003690AC /* Duration.swift in Sources */,
				3F9E758E2AA850FE003690AC /* DurationTabularRegressor.mlmodel in Sources */,
				3F1D9AA52A41E8AC003EF407 /* UIView+Extension.swift in Sources */,
				3F5ADE3E2A1679AF008C6322 /* SceneDelegate.swift in Sources */,
				3F1D9AA92A41EC60003EF407 /* OnboardingCollectionViewCell.swift in Sources */,
				3FD84B852AB717CC0048E057 /* UIColor+Extension.swift in Sources */,
			);
			runOnlyForDeploymentPostprocessing = 0;
		};
/* End PBXSourcesBuildPhase section */

/* Begin PBXVariantGroup section */
		3F5ADE412A1679AF008C6322 /* Main.storyboard */ = {
			isa = PBXVariantGroup;
			children = (
				3F5ADE422A1679AF008C6322 /* Base */,
			);
			name = Main.storyboard;
			sourceTree = "<group>";
		};
		3F5ADE462A1679B0008C6322 /* LaunchScreen.storyboard */ = {
			isa = PBXVariantGroup;
			children = (
				3F5ADE472A1679B0008C6322 /* Base */,
			);
			name = LaunchScreen.storyboard;
			sourceTree = "<group>";
		};
/* End PBXVariantGroup section */

/* Begin XCBuildConfiguration section */
		3F5ADE4A2A1679B0008C6322 /* Debug */ = {
			isa = XCBuildConfiguration;
			buildSettings = {
				ALWAYS_SEARCH_USER_PATHS = NO;
				CLANG_ANALYZER_NONNULL = YES;
				CLANG_ANALYZER_NUMBER_OBJECT_CONVERSION = YES_AGGRESSIVE;
				CLANG_CXX_LANGUAGE_STANDARD = "gnu++20";
				CLANG_ENABLE_MODULES = YES;
				CLANG_ENABLE_OBJC_ARC = YES;
				CLANG_ENABLE_OBJC_WEAK = YES;
				CLANG_WARN_BLOCK_CAPTURE_AUTORELEASING = YES;
				CLANG_WARN_BOOL_CONVERSION = YES;
				CLANG_WARN_COMMA = YES;
				CLANG_WARN_CONSTANT_CONVERSION = YES;
				CLANG_WARN_DEPRECATED_OBJC_IMPLEMENTATIONS = YES;
				CLANG_WARN_DIRECT_OBJC_ISA_USAGE = YES_ERROR;
				CLANG_WARN_DOCUMENTATION_COMMENTS = YES;
				CLANG_WARN_EMPTY_BODY = YES;
				CLANG_WARN_ENUM_CONVERSION = YES;
				CLANG_WARN_INFINITE_RECURSION = YES;
				CLANG_WARN_INT_CONVERSION = YES;
				CLANG_WARN_NON_LITERAL_NULL_CONVERSION = YES;
				CLANG_WARN_OBJC_IMPLICIT_RETAIN_SELF = YES;
				CLANG_WARN_OBJC_LITERAL_CONVERSION = YES;
				CLANG_WARN_OBJC_ROOT_CLASS = YES_ERROR;
				CLANG_WARN_QUOTED_INCLUDE_IN_FRAMEWORK_HEADER = YES;
				CLANG_WARN_RANGE_LOOP_ANALYSIS = YES;
				CLANG_WARN_STRICT_PROTOTYPES = YES;
				CLANG_WARN_SUSPICIOUS_MOVE = YES;
				CLANG_WARN_UNGUARDED_AVAILABILITY = YES_AGGRESSIVE;
				CLANG_WARN_UNREACHABLE_CODE = YES;
				CLANG_WARN__DUPLICATE_METHOD_MATCH = YES;
				COPY_PHASE_STRIP = NO;
				DEBUG_INFORMATION_FORMAT = dwarf;
				ENABLE_STRICT_OBJC_MSGSEND = YES;
				ENABLE_TESTABILITY = YES;
				GCC_C_LANGUAGE_STANDARD = gnu11;
				GCC_DYNAMIC_NO_PIC = NO;
				GCC_NO_COMMON_BLOCKS = YES;
				GCC_OPTIMIZATION_LEVEL = 0;
				GCC_PREPROCESSOR_DEFINITIONS = (
					"DEBUG=1",
					"$(inherited)",
				);
				GCC_WARN_64_TO_32_BIT_CONVERSION = YES;
				GCC_WARN_ABOUT_RETURN_TYPE = YES_ERROR;
				GCC_WARN_UNDECLARED_SELECTOR = YES;
				GCC_WARN_UNINITIALIZED_AUTOS = YES_AGGRESSIVE;
				GCC_WARN_UNUSED_FUNCTION = YES;
				GCC_WARN_UNUSED_VARIABLE = YES;
				IPHONEOS_DEPLOYMENT_TARGET = 16.2;
				MTL_ENABLE_DEBUG_INFO = INCLUDE_SOURCE;
				MTL_FAST_MATH = YES;
				ONLY_ACTIVE_ARCH = YES;
				SDKROOT = iphoneos;
				SWIFT_ACTIVE_COMPILATION_CONDITIONS = DEBUG;
				SWIFT_OPTIMIZATION_LEVEL = "-Onone";
			};
			name = Debug;
		};
		3F5ADE4B2A1679B0008C6322 /* Release */ = {
			isa = XCBuildConfiguration;
			buildSettings = {
				ALWAYS_SEARCH_USER_PATHS = NO;
				CLANG_ANALYZER_NONNULL = YES;
				CLANG_ANALYZER_NUMBER_OBJECT_CONVERSION = YES_AGGRESSIVE;
				CLANG_CXX_LANGUAGE_STANDARD = "gnu++20";
				CLANG_ENABLE_MODULES = YES;
				CLANG_ENABLE_OBJC_ARC = YES;
				CLANG_ENABLE_OBJC_WEAK = YES;
				CLANG_WARN_BLOCK_CAPTURE_AUTORELEASING = YES;
				CLANG_WARN_BOOL_CONVERSION = YES;
				CLANG_WARN_COMMA = YES;
				CLANG_WARN_CONSTANT_CONVERSION = YES;
				CLANG_WARN_DEPRECATED_OBJC_IMPLEMENTATIONS = YES;
				CLANG_WARN_DIRECT_OBJC_ISA_USAGE = YES_ERROR;
				CLANG_WARN_DOCUMENTATION_COMMENTS = YES;
				CLANG_WARN_EMPTY_BODY = YES;
				CLANG_WARN_ENUM_CONVERSION = YES;
				CLANG_WARN_INFINITE_RECURSION = YES;
				CLANG_WARN_INT_CONVERSION = YES;
				CLANG_WARN_NON_LITERAL_NULL_CONVERSION = YES;
				CLANG_WARN_OBJC_IMPLICIT_RETAIN_SELF = YES;
				CLANG_WARN_OBJC_LITERAL_CONVERSION = YES;
				CLANG_WARN_OBJC_ROOT_CLASS = YES_ERROR;
				CLANG_WARN_QUOTED_INCLUDE_IN_FRAMEWORK_HEADER = YES;
				CLANG_WARN_RANGE_LOOP_ANALYSIS = YES;
				CLANG_WARN_STRICT_PROTOTYPES = YES;
				CLANG_WARN_SUSPICIOUS_MOVE = YES;
				CLANG_WARN_UNGUARDED_AVAILABILITY = YES_AGGRESSIVE;
				CLANG_WARN_UNREACHABLE_CODE = YES;
				CLANG_WARN__DUPLICATE_METHOD_MATCH = YES;
				COPY_PHASE_STRIP = NO;
				DEBUG_INFORMATION_FORMAT = "dwarf-with-dsym";
				ENABLE_NS_ASSERTIONS = NO;
				ENABLE_STRICT_OBJC_MSGSEND = YES;
				GCC_C_LANGUAGE_STANDARD = gnu11;
				GCC_NO_COMMON_BLOCKS = YES;
				GCC_WARN_64_TO_32_BIT_CONVERSION = YES;
				GCC_WARN_ABOUT_RETURN_TYPE = YES_ERROR;
				GCC_WARN_UNDECLARED_SELECTOR = YES;
				GCC_WARN_UNINITIALIZED_AUTOS = YES_AGGRESSIVE;
				GCC_WARN_UNUSED_FUNCTION = YES;
				GCC_WARN_UNUSED_VARIABLE = YES;
				IPHONEOS_DEPLOYMENT_TARGET = 16.2;
				MTL_ENABLE_DEBUG_INFO = NO;
				MTL_FAST_MATH = YES;
				SDKROOT = iphoneos;
				SWIFT_COMPILATION_MODE = wholemodule;
				SWIFT_OPTIMIZATION_LEVEL = "-O";
				VALIDATE_PRODUCT = YES;
			};
			name = Release;
		};
		3F5ADE4D2A1679B0008C6322 /* Debug */ = {
			isa = XCBuildConfiguration;
			baseConfigurationReference = 18850764159EB8BEE4D1C9EB /* Pods-SentenceApp.debug.xcconfig */;
			buildSettings = {
				ASSETCATALOG_COMPILER_APPICON_NAME = AppIcon;
				ASSETCATALOG_COMPILER_GLOBAL_ACCENT_COLOR_NAME = AccentColor;
				CODE_SIGN_STYLE = Automatic;
				CURRENT_PROJECT_VERSION = 1;
				DEVELOPMENT_TEAM = 4Y632B5RV5;
				GENERATE_INFOPLIST_FILE = YES;
				INFOPLIST_FILE = SentenceApp/Info.plist;
				INFOPLIST_KEY_UIApplicationSupportsIndirectInputEvents = YES;
				INFOPLIST_KEY_UILaunchStoryboardName = LaunchScreen;
				INFOPLIST_KEY_UIMainStoryboardFile = Main;
				INFOPLIST_KEY_UISupportedInterfaceOrientations = UIInterfaceOrientationPortrait;
				INFOPLIST_KEY_UISupportedInterfaceOrientations_iPad = "UIInterfaceOrientationLandscapeLeft UIInterfaceOrientationLandscapeRight UIInterfaceOrientationPortrait UIInterfaceOrientationPortraitUpsideDown";
				LD_RUNPATH_SEARCH_PATHS = (
					"$(inherited)",
					"@executable_path/Frameworks",
				);
				MARKETING_VERSION = 1.0;
				PRODUCT_BUNDLE_IDENTIFIER = "Manukau-Institute-of-Technology.SentenceApp";
				PRODUCT_NAME = "$(TARGET_NAME)";
				SUPPORTED_PLATFORMS = "iphoneos iphonesimulator";
				SUPPORTS_MACCATALYST = NO;
				SUPPORTS_MAC_DESIGNED_FOR_IPHONE_IPAD = NO;
				SWIFT_EMIT_LOC_STRINGS = YES;
				SWIFT_VERSION = 5.0;
				TARGETED_DEVICE_FAMILY = 1;
			};
			name = Debug;
		};
		3F5ADE4E2A1679B0008C6322 /* Release */ = {
			isa = XCBuildConfiguration;
			baseConfigurationReference = 14BF38B85D42BE9C132C11BA /* Pods-SentenceApp.release.xcconfig */;
			buildSettings = {
				ASSETCATALOG_COMPILER_APPICON_NAME = AppIcon;
				ASSETCATALOG_COMPILER_GLOBAL_ACCENT_COLOR_NAME = AccentColor;
				CODE_SIGN_STYLE = Automatic;
				CURRENT_PROJECT_VERSION = 1;
				DEVELOPMENT_TEAM = 4Y632B5RV5;
				GENERATE_INFOPLIST_FILE = YES;
				INFOPLIST_FILE = SentenceApp/Info.plist;
				INFOPLIST_KEY_UIApplicationSupportsIndirectInputEvents = YES;
				INFOPLIST_KEY_UILaunchStoryboardName = LaunchScreen;
				INFOPLIST_KEY_UIMainStoryboardFile = Main;
				INFOPLIST_KEY_UISupportedInterfaceOrientations = UIInterfaceOrientationPortrait;
				INFOPLIST_KEY_UISupportedInterfaceOrientations_iPad = "UIInterfaceOrientationLandscapeLeft UIInterfaceOrientationLandscapeRight UIInterfaceOrientationPortrait UIInterfaceOrientationPortraitUpsideDown";
				LD_RUNPATH_SEARCH_PATHS = (
					"$(inherited)",
					"@executable_path/Frameworks",
				);
				MARKETING_VERSION = 1.0;
				PRODUCT_BUNDLE_IDENTIFIER = "Manukau-Institute-of-Technology.SentenceApp";
				PRODUCT_NAME = "$(TARGET_NAME)";
				SUPPORTED_PLATFORMS = "iphoneos iphonesimulator";
				SUPPORTS_MACCATALYST = NO;
				SUPPORTS_MAC_DESIGNED_FOR_IPHONE_IPAD = NO;
				SWIFT_EMIT_LOC_STRINGS = YES;
				SWIFT_VERSION = 5.0;
				TARGETED_DEVICE_FAMILY = 1;
			};
			name = Release;
		};
/* End XCBuildConfiguration section */

/* Begin XCConfigurationList section */
		3F5ADE332A1679AF008C6322 /* Build configuration list for PBXProject "SentenceApp" */ = {
			isa = XCConfigurationList;
			buildConfigurations = (
				3F5ADE4A2A1679B0008C6322 /* Debug */,
				3F5ADE4B2A1679B0008C6322 /* Release */,
			);
			defaultConfigurationIsVisible = 0;
			defaultConfigurationName = Release;
		};
		3F5ADE4C2A1679B0008C6322 /* Build configuration list for PBXNativeTarget "SentenceApp" */ = {
			isa = XCConfigurationList;
			buildConfigurations = (
				3F5ADE4D2A1679B0008C6322 /* Debug */,
				3F5ADE4E2A1679B0008C6322 /* Release */,
			);
			defaultConfigurationIsVisible = 0;
			defaultConfigurationName = Release;
		};
/* End XCConfigurationList section */
	};
	rootObject = 3F5ADE302A1679AF008C6322 /* Project object */;
}
